
Microsoft Visual Studio Solution File, Format Version 12.00
# Visual Studio Version 16
VisualStudioVersion = 16.0.30907.101
MinimumVisualStudioVersion = 10.0.40219.1
Project("{888888A0-9F3D-457C-B088-3A5042F75D52}") = "hellowealth-backend", "hellowealth-backend.pyproj", "{F052A0FA-C455-4809-AC44-5EC3E600BB3C}"
EndProject
Global
	GlobalSection(SolutionConfigurationPlatforms) = preSolution
		Debug|Any CPU = Debug|Any CPU
		Release|Any CPU = Release|Any CPU
	EndGlobalSection
	GlobalSection(ProjectConfigurationPlatforms) = postSolution
		{F052A0FA-C455-4809-AC44-5EC3E600BB3C}.Debug|Any CPU.ActiveCfg = Debug|Any CPU
		{F052A0FA-C455-4809-AC44-5EC3E600BB3C}.Debug|Any CPU.Build.0 = Debug|Any CPU
		{F052A0FA-C455-4809-AC44-5EC3E600BB3C}.Release|Any CPU.ActiveCfg = Release|Any CPU
		{F052A0FA-C455-4809-AC44-5EC3E600BB3C}.Release|Any CPU.Build.0 = Release|Any CPU
	EndGlobalSection
	GlobalSection(SolutionProperties) = preSolution
		HideSolutionNode = FALSE
	EndGlobalSection
	GlobalSection(ExtensibilityGlobals) = postSolution
		SolutionGuid = {EE9310E8-BCBD-41AE-9E9C-E39A0EFB1FAF}
	EndGlobalSection
EndGlobal
